PATH
  remote: .
  specs:
    psx (0.1.0)
      ffi (~> 1.16)
      ruby-sdl2 (~> 0.3)

GEM
  remote: https://rubygems.org/
  specs:
    ffi (1.17.4)
    ffi (1.17.4-arm64-darwin)
    minitest (5.27.0)
    rake (13.4.2)
    ruby-sdl2 (0.3.7)
    stackprof (0.2.28)

PLATFORMS
  arm64-darwin-25
  ruby

DEPENDENCIES
  minitest (~> 5)
  psx!
  rake (~> 13)
  stackprof (~> 0.2)

CHECKSUMS
  ffi (1.17.4) sha256=bcd1642e06f0d16fc9e09ac6d49c3a7298b9789bcb58127302f934e437d60acf
  ffi (1.17.4-arm64-darwin) sha256=19071aaf1419251b0a46852abf960e77330a3b334d13a4ab51d58b31a937001b
  minitest (5.27.0) sha256=2d3b17f8a36fe7801c1adcffdbc38233b938eb0b4966e97a6739055a45fa77d5
  psx (0.1.0)
  rake (13.4.2) sha256=cb825b2bd5f1f8e91ca37bddb4b9aaf345551b4731da62949be002fa89283701
  ruby-sdl2 (0.3.7) sha256=16f9be9c6883ed5054d34af0a5bedecaa7bf2746d344b8f7729350c5bcff5bc6
  stackprof (0.2.28) sha256=4ec2ace02f386012b40ca20ef80c030ad711831f59511da12e83b34efb0f9a04

BUNDLED WITH
  4.0.8
